
Microsoft Visual Studio Solution File, Format Version 12.00
# Visual Studio Version 17
VisualStudioVersion = 17.11.35312.102
MinimumVisualStudioVersion = 10.0.40219.1
Project("{FAE04EC0-301F-11D3-BF4B-00C04F79EFBC}") = "dz11", "dz11\dz11.csproj", "{BA0CEBD5-CDB6-43B2-B14F-357B4B462F97}"
EndProject
Global
	GlobalSection(SolutionConfigurationPlatforms) = preSolution
		Debug|Any CPU = Debug|Any CPU
		Release|Any CPU = Release|Any CPU
	EndGlobalSection
	GlobalSection(ProjectConfigurationPlatforms) = postSolution
		{BA0CEBD5-CDB6-43B2-B14F-357B4B462F97}.Debug|Any CPU.ActiveCfg = Debug|Any CPU
		{BA0CEBD5-CDB6-43B2-B14F-357B4B462F97}.Debug|Any CPU.Build.0 = Debug|Any CPU
		{BA0CEBD5-CDB6-43B2-B14F-357B4B462F97}.Release|Any CPU.ActiveCfg = Release|Any CPU
		{BA0CEBD5-CDB6-43B2-B14F-357B4B462F97}.Release|Any CPU.Build.0 = Release|Any CPU
	EndGlobalSection
	GlobalSection(SolutionProperties) = preSolution
		HideSolutionNode = FALSE
	EndGlobalSection
	GlobalSection(ExtensibilityGlobals) = postSolution
		SolutionGuid = {EBF3A3B7-0736-484E-B15F-F9BD702FD3C7}
	EndGlobalSection
EndGlobal
