
Microsoft Visual Studio Solution File, Format Version 12.00
# Visual Studio Version 17
VisualStudioVersion = 17.11.35312.102
MinimumVisualStudioVersion = 10.0.40219.1
Project("{FAE04EC0-301F-11D3-BF4B-00C04F79EFBC}") = "dz10", "dz10\dz10.csproj", "{03192A2C-8E27-47A5-AE9E-F3BBB144B67D}"
EndProject
Global
	GlobalSection(SolutionConfigurationPlatforms) = preSolution
		Debug|Any CPU = Debug|Any CPU
		Release|Any CPU = Release|Any CPU
	EndGlobalSection
	GlobalSection(ProjectConfigurationPlatforms) = postSolution
		{03192A2C-8E27-47A5-AE9E-F3BBB144B67D}.Debug|Any CPU.ActiveCfg = Debug|Any CPU
		{03192A2C-8E27-47A5-AE9E-F3BBB144B67D}.Debug|Any CPU.Build.0 = Debug|Any CPU
		{03192A2C-8E27-47A5-AE9E-F3BBB144B67D}.Release|Any CPU.ActiveCfg = Release|Any CPU
		{03192A2C-8E27-47A5-AE9E-F3BBB144B67D}.Release|Any CPU.Build.0 = Release|Any CPU
	EndGlobalSection
	GlobalSection(SolutionProperties) = preSolution
		HideSolutionNode = FALSE
	EndGlobalSection
	GlobalSection(ExtensibilityGlobals) = postSolution
		SolutionGuid = {5537BCE1-DDE1-43B7-B716-147D688EF337}
	EndGlobalSection
EndGlobal
