
Microsoft Visual Studio Solution File, Format Version 12.00
# Visual Studio Version 17
VisualStudioVersion = 17.11.35312.102
MinimumVisualStudioVersion = 10.0.40219.1
Project("{FAE04EC0-301F-11D3-BF4B-00C04F79EFBC}") = "dz104", "dz104\dz104.csproj", "{0E372D42-F359-4E50-A88A-9E03C460409A}"
EndProject
Global
	GlobalSection(SolutionConfigurationPlatforms) = preSolution
		Debug|Any CPU = Debug|Any CPU
		Release|Any CPU = Release|Any CPU
	EndGlobalSection
	GlobalSection(ProjectConfigurationPlatforms) = postSolution
		{0E372D42-F359-4E50-A88A-9E03C460409A}.Debug|Any CPU.ActiveCfg = Debug|Any CPU
		{0E372D42-F359-4E50-A88A-9E03C460409A}.Debug|Any CPU.Build.0 = Debug|Any CPU
		{0E372D42-F359-4E50-A88A-9E03C460409A}.Release|Any CPU.ActiveCfg = Release|Any CPU
		{0E372D42-F359-4E50-A88A-9E03C460409A}.Release|Any CPU.Build.0 = Release|Any CPU
	EndGlobalSection
	GlobalSection(SolutionProperties) = preSolution
		HideSolutionNode = FALSE
	EndGlobalSection
	GlobalSection(ExtensibilityGlobals) = postSolution
		SolutionGuid = {32C26127-6EAC-4B6D-A473-4B7CB7D01554}
	EndGlobalSection
EndGlobal
